
Microsoft Visual Studio Solution File, Format Version 12.00
# Visual Studio 2012
Project("{FAE04EC0-301F-11D3-BF4B-00C04F79EFBC}") = "BootstrapControlsSamples", "Samples\BootstrapControlsSamples.csproj", "{A221EFD4-E682-4ECB-9AD2-50A5EFB1FFA6}"
EndProject
Project("{FAE04EC0-301F-11D3-BF4B-00C04F79EFBC}") = "Twitter.Web.Controls", "..\FrameworkCS\Web\Twitter.Web.Controls\Twitter.Web.Controls.csproj", "{C0BA657E-C372-4EC9-9160-C0A555D5D37A}"
EndProject
Global
	GlobalSection(SolutionConfigurationPlatforms) = preSolution
		Debug|Any CPU = Debug|Any CPU
		Release|Any CPU = Release|Any CPU
	EndGlobalSection
	GlobalSection(ProjectConfigurationPlatforms) = postSolution
		{A221EFD4-E682-4ECB-9AD2-50A5EFB1FFA6}.Debug|Any CPU.ActiveCfg = Debug|Any CPU
		{A221EFD4-E682-4ECB-9AD2-50A5EFB1FFA6}.Debug|Any CPU.Build.0 = Debug|Any CPU
		{A221EFD4-E682-4ECB-9AD2-50A5EFB1FFA6}.Release|Any CPU.ActiveCfg = Release|Any CPU
		{A221EFD4-E682-4ECB-9AD2-50A5EFB1FFA6}.Release|Any CPU.Build.0 = Release|Any CPU
		{C0BA657E-C372-4EC9-9160-C0A555D5D37A}.Debug|Any CPU.ActiveCfg = Debug|Any CPU
		{C0BA657E-C372-4EC9-9160-C0A555D5D37A}.Debug|Any CPU.Build.0 = Debug|Any CPU
		{C0BA657E-C372-4EC9-9160-C0A555D5D37A}.Release|Any CPU.ActiveCfg = Release|Any CPU
		{C0BA657E-C372-4EC9-9160-C0A555D5D37A}.Release|Any CPU.Build.0 = Release|Any CPU
	EndGlobalSection
	GlobalSection(SolutionProperties) = preSolution
		HideSolutionNode = FALSE
	EndGlobalSection
EndGlobal
