
Microsoft Visual Studio Solution File, Format Version 12.00
# Visual Studio 2013
VisualStudioVersion = 12.0.40629.0
MinimumVisualStudioVersion = 10.0.40219.1
Project("{FAE04EC0-301F-11D3-BF4B-00C04F79EFBC}") = "Tie.Controls.Bootstrap", "Tie.Controls.Bootstrap\Tie.Controls.Bootstrap.csproj", "{08F21F1D-3746-4095-984C-0A22D333CFE5}"
EndProject
Project("{FAE04EC0-301F-11D3-BF4B-00C04F79EFBC}") = "Samples", "Samples\Samples.csproj", "{70EB4949-B174-45BC-AE07-FD206861D24D}"
EndProject
Project("{FAE04EC0-301F-11D3-BF4B-00C04F79EFBC}") = "Tie.Controls.Bootstrap.v35", "Tie.Controls.Bootstrap.v35\Tie.Controls.Bootstrap.v35.csproj", "{520903CD-0424-45B0-B686-B6FF6510333D}"
EndProject
Project("{FAE04EC0-301F-11D3-BF4B-00C04F79EFBC}") = "Tie.Controls.Bootstrap.v40", "Tie.Controls.Bootstrap.v40\Tie.Controls.Bootstrap.v40.csproj", "{2A721F2F-F821-4FC8-B2C0-B29A205B2FEE}"
EndProject
Project("{FAE04EC0-301F-11D3-BF4B-00C04F79EFBC}") = "Tie.Controls.Bootstrap.v45", "Tie.Controls.Bootstrap.v45\Tie.Controls.Bootstrap.v45.csproj", "{7DFB3B6C-0E3C-4FC1-8B3E-F3DC1142EF91}"
EndProject
Global
	GlobalSection(SolutionConfigurationPlatforms) = preSolution
		Debug|Any CPU = Debug|Any CPU
		Release|Any CPU = Release|Any CPU
	EndGlobalSection
	GlobalSection(ProjectConfigurationPlatforms) = postSolution
		{08F21F1D-3746-4095-984C-0A22D333CFE5}.Debug|Any CPU.ActiveCfg = Debug|Any CPU
		{08F21F1D-3746-4095-984C-0A22D333CFE5}.Debug|Any CPU.Build.0 = Debug|Any CPU
		{08F21F1D-3746-4095-984C-0A22D333CFE5}.Release|Any CPU.ActiveCfg = Release|Any CPU
		{08F21F1D-3746-4095-984C-0A22D333CFE5}.Release|Any CPU.Build.0 = Release|Any CPU
		{70EB4949-B174-45BC-AE07-FD206861D24D}.Debug|Any CPU.ActiveCfg = Debug|Any CPU
		{70EB4949-B174-45BC-AE07-FD206861D24D}.Debug|Any CPU.Build.0 = Debug|Any CPU
		{70EB4949-B174-45BC-AE07-FD206861D24D}.Release|Any CPU.ActiveCfg = Release|Any CPU
		{70EB4949-B174-45BC-AE07-FD206861D24D}.Release|Any CPU.Build.0 = Release|Any CPU
		{520903CD-0424-45B0-B686-B6FF6510333D}.Debug|Any CPU.ActiveCfg = Debug|Any CPU
		{520903CD-0424-45B0-B686-B6FF6510333D}.Debug|Any CPU.Build.0 = Debug|Any CPU
		{520903CD-0424-45B0-B686-B6FF6510333D}.Release|Any CPU.ActiveCfg = Release|Any CPU
		{520903CD-0424-45B0-B686-B6FF6510333D}.Release|Any CPU.Build.0 = Release|Any CPU
		{2A721F2F-F821-4FC8-B2C0-B29A205B2FEE}.Debug|Any CPU.ActiveCfg = Debug|Any CPU
		{2A721F2F-F821-4FC8-B2C0-B29A205B2FEE}.Debug|Any CPU.Build.0 = Debug|Any CPU
		{2A721F2F-F821-4FC8-B2C0-B29A205B2FEE}.Release|Any CPU.ActiveCfg = Release|Any CPU
		{2A721F2F-F821-4FC8-B2C0-B29A205B2FEE}.Release|Any CPU.Build.0 = Release|Any CPU
		{7DFB3B6C-0E3C-4FC1-8B3E-F3DC1142EF91}.Debug|Any CPU.ActiveCfg = Debug|Any CPU
		{7DFB3B6C-0E3C-4FC1-8B3E-F3DC1142EF91}.Debug|Any CPU.Build.0 = Debug|Any CPU
		{7DFB3B6C-0E3C-4FC1-8B3E-F3DC1142EF91}.Release|Any CPU.ActiveCfg = Release|Any CPU
		{7DFB3B6C-0E3C-4FC1-8B3E-F3DC1142EF91}.Release|Any CPU.Build.0 = Release|Any CPU
	EndGlobalSection
	GlobalSection(SolutionProperties) = preSolution
		HideSolutionNode = FALSE
	EndGlobalSection
EndGlobal
